# This file was autogenerated by uv via the following command:
#    uv pip compile requirements.txt -o requirements.lock
annotated-doc==0.0.4
    # via
    #   fastapi
    #   typer
annotated-types==0.7.0
    # via pydantic
anyio==4.12.1
    # via
    #   httpx
    #   starlette
av==17.0.0
    # via faster-whisper
blis==1.3.3
    # via thinc
catalogue==2.0.10
    # via
    #   spacy
    #   srsly
    #   thinc
certifi==2026.2.25
    # via
    #   httpcore
    #   httpx
    #   requests
charset-normalizer==3.4.5
    # via requests
click==8.3.1
    # via
    #   sacremoses
    #   typer
    #   uvicorn
cloudpathlib==0.23.0
    # via weasel
confection==0.1.5
    # via
    #   thinc
    #   weasel
ctranslate2==4.7.1
    # via faster-whisper
cuda-bindings==12.9.4
    # via torch
cuda-pathfinder==1.4.2
    # via cuda-bindings
cymem==2.0.13
    # via
    #   preshed
    #   spacy
    #   thinc
en-core-web-lg @ https://github.com/explosion/spacy-models/releases/download/en_core_web_lg-3.8.0/en_core_web_lg-3.8.0-py3-none-any.whl
    # via -r requirements.txt
es-core-news-lg @ https://github.com/explosion/spacy-models/releases/download/es_core_news_lg-3.8.0/es_core_news_lg-3.8.0-py3-none-any.whl
    # via -r requirements.txt
fastapi==0.135.1
    # via -r requirements.txt
faster-whisper==1.2.1
    # via -r requirements.txt
filelock==3.25.2
    # via
    #   huggingface-hub
    #   torch
flatbuffers==25.12.19
    # via onnxruntime
fsspec==2026.2.0
    # via
    #   huggingface-hub
    #   torch
h11==0.16.0
    # via
    #   httpcore
    #   uvicorn
hf-xet==1.4.2
    # via huggingface-hub
httpcore==1.0.9
    # via httpx
httpx==0.28.1
    # via huggingface-hub
huggingface-hub==1.7.1
    # via
    #   faster-whisper
    #   tokenizers
    #   transformers
idna==3.11
    # via
    #   anyio
    #   httpx
    #   requests
jinja2==3.1.6
    # via
    #   spacy
    #   torch
joblib==1.5.3
    # via sacremoses
markdown-it-py==4.0.0
    # via rich
markupsafe==3.0.3
    # via jinja2
mdurl==0.1.2
    # via markdown-it-py
mpmath==1.3.0
    # via sympy
murmurhash==1.0.15
    # via
    #   preshed
    #   spacy
    #   thinc
networkx==3.6.1
    # via torch
numpy==2.4.3
    # via
    #   blis
    #   ctranslate2
    #   onnxruntime
    #   spacy
    #   thinc
    #   transformers
nvidia-cublas-cu12==12.8.4.1
    # via
    #   nvidia-cudnn-cu12
    #   nvidia-cusolver-cu12
    #   torch
nvidia-cuda-cupti-cu12==12.8.90
    # via torch
nvidia-cuda-nvrtc-cu12==12.8.93
    # via torch
nvidia-cuda-runtime-cu12==12.8.90
    # via torch
nvidia-cudnn-cu12==9.10.2.21
    # via torch
nvidia-cufft-cu12==11.3.3.83
    # via torch
nvidia-cufile-cu12==1.13.1.3
    # via torch
nvidia-curand-cu12==10.3.9.90
    # via torch
nvidia-cusolver-cu12==11.7.3.90
    # via torch
nvidia-cusparse-cu12==12.5.8.93
    # via
    #   nvidia-cusolver-cu12
    #   torch
nvidia-cusparselt-cu12==0.7.1
    # via torch
nvidia-nccl-cu12==2.27.5
    # via torch
nvidia-nvjitlink-cu12==12.8.93
    # via
    #   nvidia-cufft-cu12
    #   nvidia-cusolver-cu12
    #   nvidia-cusparse-cu12
    #   torch
nvidia-nvshmem-cu12==3.4.5
    # via torch
nvidia-nvtx-cu12==12.8.90
    # via torch
onnxruntime==1.24.3
    # via faster-whisper
packaging==26.0
    # via
    #   huggingface-hub
    #   onnxruntime
    #   spacy
    #   thinc
    #   transformers
    #   weasel
preshed==3.0.12
    # via
    #   spacy
    #   thinc
protobuf==7.34.1
    # via
    #   -r requirements.txt
    #   onnxruntime
pydantic==2.12.5
    # via
    #   -r requirements.txt
    #   confection
    #   fastapi
    #   spacy
    #   thinc
    #   weasel
pydantic-core==2.41.5
    # via pydantic
pygments==2.19.2
    # via rich
python-multipart==0.0.22
    # via -r requirements.txt
pyyaml==6.0.3
    # via
    #   ctranslate2
    #   huggingface-hub
    #   transformers
regex==2026.2.28
    # via
    #   sacremoses
    #   transformers
requests==2.32.5
    # via
    #   spacy
    #   weasel
rich==14.3.3
    # via typer
sacremoses==0.1.1
    # via -r requirements.txt
safetensors==0.7.0
    # via transformers
sentencepiece==0.2.1
    # via -r requirements.txt
setuptools==82.0.1
    # via
    #   ctranslate2
    #   spacy
    #   thinc
    #   torch
shellingham==1.5.4
    # via typer
smart-open==7.5.1
    # via weasel
spacy==3.8.11
    # via -r requirements.txt
spacy-legacy==3.0.12
    # via spacy
spacy-loggers==1.0.5
    # via spacy
srsly==2.5.2
    # via
    #   confection
    #   spacy
    #   thinc
    #   weasel
starlette==0.52.1
    # via fastapi
structlog==25.5.0
    # via -r requirements.txt
sympy==1.14.0
    # via
    #   onnxruntime
    #   torch
thinc==8.3.10
    # via spacy
tokenizers==0.22.2
    # via
    #   faster-whisper
    #   transformers
torch==2.10.0
    # via torchaudio
torchaudio==2.10.0
    # via -r requirements.txt
tqdm==4.67.3
    # via
    #   faster-whisper
    #   huggingface-hub
    #   sacremoses
    #   spacy
    #   transformers
transformers==5.3.0
    # via -r requirements.txt
triton==3.6.0
    # via torch
typer==0.24.1
    # via
    #   huggingface-hub
    #   transformers
    #   typer-slim
typer-slim==0.24.0
    # via
    #   spacy
    #   weasel
typing-extensions==4.15.0
    # via
    #   fastapi
    #   huggingface-hub
    #   pydantic
    #   pydantic-core
    #   torch
    #   typing-inspection
typing-inspection==0.4.2
    # via
    #   fastapi
    #   pydantic
urllib3==2.6.3
    # via requests
uvicorn==0.41.0
    # via -r requirements.txt
wasabi==1.1.3
    # via
    #   spacy
    #   thinc
    #   weasel
weasel==0.4.3
    # via spacy
wrapt==2.1.2
    # via smart-open
